// !$*UTF8*$!
{
	archiveVersion = 1;
	classes = {
	};
	objectVersion = 46;
	objects = {

/* Begin PBXBuildFile section */
		ABF6A3B01F6463E4009ABB70 /* AppDelegate.swift in Sources */ = {isa = PBXBuildFile; fileRef = ABF6A3AF1F6463E4009ABB70 /* AppDelegate.swift */; };
		ABF6A3B21F6463E4009ABB70 /* ViewController.swift in Sources */ = {isa = PBXBuildFile; fileRef = ABF6A3B11F6463E4009ABB70 /* ViewController.swift */; };
		ABF6A3B51F6463E4009ABB70 /* Main.storyboard in Resources */ = {isa = PBXBuildFile; fileRef = ABF6A3B31F6463E4009ABB70 /* Main.storyboard */; };
		ABF6A3B71F6463E4009ABB70 /* Assets.xcassets in Resources */ = {isa = PBXBuildFile; fileRef = ABF6A3B61F6463E4009ABB70 /* Assets.xcassets */; };
		ABF6A3BA1F6463E4009ABB70 /* LaunchScreen.storyboard in Resources */ = {isa = PBXBuildFile; fileRef = ABF6A3B81F6463E4009ABB70 /* LaunchScreen.storyboard */; };
		ABF6A3C21F64726D009ABB70 /* RequestManager.swift in Sources */ = {isa = PBXBuildFile; fileRef = ABF6A3C11F64726D009ABB70 /* RequestManager.swift */; };
		F3F11A25A7A63CD308F4ECE0 /* Pods_UxbertUsabilityLab.framework in Frameworks */ = {isa = PBXBuildFile; fileRef = AFBFB0E330E88BFF82294B8D /* Pods_UxbertUsabilityLab.framework */; };
/* End PBXBuildFile section */

/* Begin PBXFileReference section */
		ABF6A3AC1F6463E4009ABB70 /* UxbertUsabilityLab.app */ = {isa = PBXFileReference; explicitFileType = wrapper.application; includeInIndex = 0; path = UxbertUsabilityLab.app; sourceTree = BUILT_PRODUCTS_DIR; };
		ABF6A3AF1F6463E4009ABB70 /* AppDelegate.swift */ = {isa = PBXFileReference; lastKnownFileType = sourcecode.swift; path = AppDelegate.swift; sourceTree = "<group>"; };
		ABF6A3B11F6463E4009ABB70 /* ViewController.swift */ = {isa = PBXFileReference; lastKnownFileType = sourcecode.swift; path = ViewController.swift; sourceTree = "<group>"; };
		ABF6A3B41F6463E4009ABB70 /* Base */ = {isa = PBXFileReference; lastKnownFileType = file.storyboard; name = Base; path = Base.lproj/Main.storyboard; sourceTree = "<group>"; };
		ABF6A3B61F6463E4009ABB70 /* Assets.xcassets */ = {isa = PBXFileReference; lastKnownFileType = folder.assetcatalog; path = Assets.xcassets; sourceTree = "<group>"; };
		ABF6A3B91F6463E4009ABB70 /* Base */ = {isa = PBXFileReference; lastKnownFileType = file.storyboard; name = Base; path = Base.lproj/LaunchScreen.storyboard; sourceTree = "<group>"; };
		ABF6A3BB1F6463E4009ABB70 /* Info.plist */ = {isa = PBXFileReference; lastKnownFileType = text.plist.xml; path = Info.plist; sourceTree = "<group>"; };
		ABF6A3C11F64726D009ABB70 /* RequestManager.swift */ = {isa = PBXFileReference; fileEncoding = 4; lastKnownFileType = sourcecode.swift; path = RequestManager.swift; sourceTree = "<group>"; };
		AFBFB0E330E88BFF82294B8D /* Pods_UxbertUsabilityLab.framework */ = {isa = PBXFileReference; explicitFileType = wrapper.framework; includeInIndex = 0; path = Pods_UxbertUsabilityLab.framework; sourceTree = BUILT_PRODUCTS_DIR; };
		BFC243E2E60309C9E5BF54EA /* Pods-UxbertUsabilityLab.debug.xcconfig */ = {isa = PBXFileReference; includeInIndex = 1; lastKnownFileType = text.xcconfig; name = "Pods-UxbertUsabilityLab.debug.xcconfig"; path = "Pods/Target Support Files/Pods-UxbertUsabilityLab/Pods-UxbertUsabilityLab.debug.xcconfig"; sourceTree = "<group>"; };
		C0786E1C91C9D0397DC13863 /* Pods-UxbertUsabilityLab.release.xcconfig */ = {isa = PBXFileReference; includeInIndex = 1; lastKnownFileType = text.xcconfig; name = "Pods-UxbertUsabilityLab.release.xcconfig"; path = "Pods/Target Support Files/Pods-UxbertUsabilityLab/Pods-UxbertUsabilityLab.release.xcconfig"; sourceTree = "<group>"; };
/* End PBXFileReference section */

/* Begin PBXFrameworksBuildPhase section */
		ABF6A3A91F6463E4009ABB70 /* Frameworks */ = {
			isa = PBXFrameworksBuildPhase;
			buildActionMask = 2147483647;
			files = (
				F3F11A25A7A63CD308F4ECE0 /* Pods_UxbertUsabilityLab.framework in Frameworks */,
			);
			runOnlyForDeploymentPostprocessing = 0;
		};
/* End PBXFrameworksBuildPhase section */

/* Begin PBXGroup section */
		0DBF8BEF9A79D810D59A3A9C /* Frameworks */ = {
			isa = PBXGroup;
			children = (
				AFBFB0E330E88BFF82294B8D /* Pods_UxbertUsabilityLab.framework */,
			);
			name = Frameworks;
			sourceTree = "<group>";
		};
		1ABE364A4C771A80FD317DBA /* Pods */ = {
			isa = PBXGroup;
			children = (
				BFC243E2E60309C9E5BF54EA /* Pods-UxbertUsabilityLab.debug.xcconfig */,
				C0786E1C91C9D0397DC13863 /* Pods-UxbertUsabilityLab.release.xcconfig */,
			);
			name = Pods;
			sourceTree = "<group>";
		};
		ABF6A3A31F6463E4009ABB70 = {
			isa = PBXGroup;
			children = (
				ABF6A3AE1F6463E4009ABB70 /* UxbertUsabilityLab */,
				ABF6A3AD1F6463E4009ABB70 /* Products */,
				1ABE364A4C771A80FD317DBA /* Pods */,
				0DBF8BEF9A79D810D59A3A9C /* Frameworks */,
			);
			sourceTree = "<group>";
		};
		ABF6A3AD1F6463E4009ABB70 /* Products */ = {
			isa = PBXGroup;
			children = (
				ABF6A3AC1F6463E4009ABB70 /* UxbertUsabilityLab.app */,
			);
			name = Products;
			sourceTree = "<group>";
		};
		ABF6A3AE1F6463E4009ABB70 /* UxbertUsabilityLab */ = {
			isa = PBXGroup;
			children = (
				ABF6A3AF1F6463E4009ABB70 /* AppDelegate.swift */,
				ABF6A3B11F6463E4009ABB70 /* ViewController.swift */,
				ABF6A3B31F6463E4009ABB70 /* Main.storyboard */,
				ABF6A3B61F6463E4009ABB70 /* Assets.xcassets */,
				ABF6A3B81F6463E4009ABB70 /* LaunchScreen.storyboard */,
				ABF6A3BB1F6463E4009ABB70 /* Info.plist */,
				ABF6A3C11F64726D009ABB70 /* RequestManager.swift */,
			);
			path = UxbertUsabilityLab;
			sourceTree = "<group>";
		};
/* End PBXGroup section */

/* Begin PBXNativeTarget section */
		ABF6A3AB1F6463E4009ABB70 /* UxbertUsabilityLab */ = {
			isa = PBXNativeTarget;
			buildConfigurationList = ABF6A3BE1F6463E4009ABB70 /* Build configuration list for PBXNativeTarget "UxbertUsabilityLab" */;
			buildPhases = (
				46A804C1A3EC1F424BBAC29B /* [CP] Check Pods Manifest.lock */,
				ABF6A3A81F6463E4009ABB70 /* Sources */,
				ABF6A3A91F6463E4009ABB70 /* Frameworks */,
				ABF6A3AA1F6463E4009ABB70 /* Resources */,
				52A85B1F22BAE705B68298ED /* [CP] Embed Pods Frameworks */,
				F9AFADC48C37BA7C15A6B094 /* [CP] Copy Pods Resources */,
			);
			buildRules = (
			);
			dependencies = (
			);
			name = UxbertUsabilityLab;
			productName = UxbertUsabilityLab;
			productReference = ABF6A3AC1F6463E4009ABB70 /* UxbertUsabilityLab.app */;
			productType = "com.apple.product-type.application";
		};
/* End PBXNativeTarget section */

/* Begin PBXProject section */
		ABF6A3A41F6463E4009ABB70 /* Project object */ = {
			isa = PBXProject;
			attributes = {
				LastSwiftUpdateCheck = 0830;
				LastUpgradeCheck = 0830;
				ORGANIZATIONNAME = "Waseef Akhtar";
				TargetAttributes = {
					ABF6A3AB1F6463E4009ABB70 = {
						CreatedOnToolsVersion = 8.3.3;
						DevelopmentTeam = LJXU3837V9;
						ProvisioningStyle = Automatic;
					};
				};
			};
			buildConfigurationList = ABF6A3A71F6463E4009ABB70 /* Build configuration list for PBXProject "UxbertUsabilityLab" */;
			compatibilityVersion = "Xcode 3.2";
			developmentRegion = English;
			hasScannedForEncodings = 0;
			knownRegions = (
				en,
				Base,
			);
			mainGroup = ABF6A3A31F6463E4009ABB70;
			productRefGroup = ABF6A3AD1F6463E4009ABB70 /* Products */;
			projectDirPath = "";
			projectRoot = "";
			targets = (
				ABF6A3AB1F6463E4009ABB70 /* UxbertUsabilityLab */,
			);
		};
/* End PBXProject section */

/* Begin PBXResourcesBuildPhase section */
		ABF6A3AA1F6463E4009ABB70 /* Resources */ = {
			isa = PBXResourcesBuildPhase;
			buildActionMask = 2147483647;
			files = (
				ABF6A3BA1F6463E4009ABB70 /* LaunchScreen.storyboard in Resources */,
				ABF6A3B71F6463E4009ABB70 /* Assets.xcassets in Resources */,
				ABF6A3B51F6463E4009ABB70 /* Main.storyboard in Resources */,
			);
			runOnlyForDeploymentPostprocessing = 0;
		};
/* End PBXResourcesBuildPhase section */

/* Begin PBXShellScriptBuildPhase section */
		46A804C1A3EC1F424BBAC29B /* [CP] Check Pods Manifest.lock */ = {
			isa = PBXShellScriptBuildPhase;
			buildActionMask = 2147483647;
			files = (
			);
			inputPaths = (
			);
			name = "[CP] Check Pods Manifest.lock";
			outputPaths = (
			);
			runOnlyForDeploymentPostprocessing = 0;
			shellPath = /bin/sh;
			shellScript = "diff \"${PODS_PODFILE_DIR_PATH}/Podfile.lock\" \"${PODS_ROOT}/Manifest.lock\" > /dev/null\nif [ $? != 0 ] ; then\n    # print error to STDERR\n    echo \"error: The sandbox is not in sync with the Podfile.lock. Run 'pod install' or update your CocoaPods installation.\" >&2\n    exit 1\nfi\n";
			showEnvVarsInLog = 0;
		};
		52A85B1F22BAE705B68298ED /* [CP] Embed Pods Frameworks */ = {
			isa = PBXShellScriptBuildPhase;
			buildActionMask = 2147483647;
			files = (
			);
			inputPaths = (
			);
			name = "[CP] Embed Pods Frameworks";
			outputPaths = (
			);
			runOnlyForDeploymentPostprocessing = 0;
			shellPath = /bin/sh;
			shellScript = "\"${SRCROOT}/Pods/Target Support Files/Pods-UxbertUsabilityLab/Pods-UxbertUsabilityLab-frameworks.sh\"\n";
			showEnvVarsInLog = 0;
		};
		F9AFADC48C37BA7C15A6B094 /* [CP] Copy Pods Resources */ = {
			isa = PBXShellScriptBuildPhase;
			buildActionMask = 2147483647;
			files = (
			);
			inputPaths = (
			);
			name = "[CP] Copy Pods Resources";
			outputPaths = (
			);
			runOnlyForDeploymentPostprocessing = 0;
			shellPath = /bin/sh;
			shellScript = "\"${SRCROOT}/Pods/Target Support Files/Pods-UxbertUsabilityLab/Pods-UxbertUsabilityLab-resources.sh\"\n";
			showEnvVarsInLog = 0;
		};
/* End PBXShellScriptBuildPhase section */

/* Begin PBXSourcesBuildPhase section */
		ABF6A3A81F6463E4009ABB70 /* Sources */ = {
			isa = PBXSourcesBuildPhase;
			buildActionMask = 2147483647;
			files = (
				ABF6A3C21F64726D009ABB70 /* RequestManager.swift in Sources */,
				ABF6A3B21F6463E4009ABB70 /* ViewController.swift in Sources */,
				ABF6A3B01F6463E4009ABB70 /* AppDelegate.swift in Sources */,
			);
			runOnlyForDeploymentPostprocessing = 0;
		};
/* End PBXSourcesBuildPhase section */

/* Begin PBXVariantGroup section */
		ABF6A3B31F6463E4009ABB70 /* Main.storyboard */ = {
			isa = PBXVariantGroup;
			children = (
				ABF6A3B41F6463E4009ABB70 /* Base */,
			);
			name = Main.storyboard;
			sourceTree = "<group>";
		};
		ABF6A3B81F6463E4009ABB70 /* LaunchScreen.storyboard */ = {
			isa = PBXVariantGroup;
			children = (
				ABF6A3B91F6463E4009ABB70 /* Base */,
			);
			name = LaunchScreen.storyboard;
			sourceTree = "<group>";
		};
/* End PBXVariantGroup section */

/* Begin XCBuildConfiguration section */
		ABF6A3BC1F6463E4009ABB70 /* Debug */ = {
			isa = XCBuildConfiguration;
			buildSettings = {
				ALWAYS_SEARCH_USER_PATHS = NO;
				CLANG_ANALYZER_NONNULL = YES;
				CLANG_ANALYZER_NUMBER_OBJECT_CONVERSION = YES_AGGRESSIVE;
				CLANG_CXX_LANGUAGE_STANDARD = "gnu++0x";
				CLANG_CXX_LIBRARY = "libc++";
				CLANG_ENABLE_MODULES = YES;
				CLANG_ENABLE_OBJC_ARC = YES;
				CLANG_WARN_BOOL_CONVERSION = YES;
				CLANG_WARN_CONSTANT_CONVERSION = YES;
				CLANG_WARN_DIRECT_OBJC_ISA_USAGE = YES_ERROR;
				CLANG_WARN_DOCUMENTATION_COMMENTS = YES;
				CLANG_WARN_EMPTY_BODY = YES;
				CLANG_WARN_ENUM_CONVERSION = YES;
				CLANG_WARN_INFINITE_RECURSION = YES;
				CLANG_WARN_INT_CONVERSION = YES;
				CLANG_WARN_OBJC_ROOT_CLASS = YES_ERROR;
				CLANG_WARN_SUSPICIOUS_MOVE = YES;
				CLANG_WARN_UNREACHABLE_CODE = YES;
				CLANG_WARN__DUPLICATE_METHOD_MATCH = YES;
				"CODE_SIGN_IDENTITY[sdk=iphoneos*]" = "iPhone Developer";
				COPY_PHASE_STRIP = NO;
				DEBUG_INFORMATION_FORMAT = dwarf;
				ENABLE_STRICT_OBJC_MSGSEND = YES;
				ENABLE_TESTABILITY = YES;
				GCC_C_LANGUAGE_STANDARD = gnu99;
				GCC_DYNAMIC_NO_PIC = NO;
				GCC_NO_COMMON_BLOCKS = YES;
				GCC_OPTIMIZATION_LEVEL = 0;
				GCC_PREPROCESSOR_DEFINITIONS = (
					"DEBUG=1",
					"$(inherited)",
				);
				GCC_WARN_64_TO_32_BIT_CONVERSION = YES;
				GCC_WARN_ABOUT_RETURN_TYPE = YES_ERROR;
				GCC_WARN_UNDECLARED_SELECTOR = YES;
				GCC_WARN_UNINITIALIZED_AUTOS = YES_AGGRESSIVE;
				GCC_WARN_UNUSED_FUNCTION = YES;
				GCC_WARN_UNUSED_VARIABLE = YES;
				IPHONEOS_DEPLOYMENT_TARGET = 10.3;
				MTL_ENABLE_DEBUG_INFO = YES;
				ONLY_ACTIVE_ARCH = YES;
				SDKROOT = iphoneos;
				SWIFT_ACTIVE_COMPILATION_CONDITIONS = DEBUG;
				SWIFT_OPTIMIZATION_LEVEL = "-Onone";
			};
			name = Debug;
		};
		ABF6A3BD1F6463E4009ABB70 /* Release */ = {
			isa = XCBuildConfiguration;
			buildSettings = {
				ALWAYS_SEARCH_USER_PATHS = NO;
				CLANG_ANALYZER_NONNULL = YES;
				CLANG_ANALYZER_NUMBER_OBJECT_CONVERSION = YES_AGGRESSIVE;
				CLANG_CXX_LANGUAGE_STANDARD = "gnu++0x";
				CLANG_CXX_LIBRARY = "libc++";
				CLANG_ENABLE_MODULES = YES;
				CLANG_ENABLE_OBJC_ARC = YES;
				CLANG_WARN_BOOL_CONVERSION = YES;
				CLANG_WARN_CONSTANT_CONVERSION = YES;
				CLANG_WARN_DIRECT_OBJC_ISA_USAGE = YES_ERROR;
				CLANG_WARN_DOCUMENTATION_COMMENTS = YES;
				CLANG_WARN_EMPTY_BODY = YES;
				CLANG_WARN_ENUM_CONVERSION = YES;
				CLANG_WARN_INFINITE_RECURSION = YES;
				CLANG_WARN_INT_CONVERSION = YES;
				CLANG_WARN_OBJC_ROOT_CLASS = YES_ERROR;
				CLANG_WARN_SUSPICIOUS_MOVE = YES;
				CLANG_WARN_UNREACHABLE_CODE = YES;
				CLANG_WARN__DUPLICATE_METHOD_MATCH = YES;
				"CODE_SIGN_IDENTITY[sdk=iphoneos*]" = "iPhone Developer";
				COPY_PHASE_STRIP = NO;
				DEBUG_INFORMATION_FORMAT = "dwarf-with-dsym";
				ENABLE_NS_ASSERTIONS = NO;
				ENABLE_STRICT_OBJC_MSGSEND = YES;
				GCC_C_LANGUAGE_STANDARD = gnu99;
				GCC_NO_COMMON_BLOCKS = YES;
				GCC_WARN_64_TO_32_BIT_CONVERSION = YES;
				GCC_WARN_ABOUT_RETURN_TYPE = YES_ERROR;
				GCC_WARN_UNDECLARED_SELECTOR = YES;
				GCC_WARN_UNINITIALIZED_AUTOS = YES_AGGRESSIVE;
				GCC_WARN_UNUSED_FUNCTION = YES;
				GCC_WARN_UNUSED_VARIABLE = YES;
				IPHONEOS_DEPLOYMENT_TARGET = 10.3;
				MTL_ENABLE_DEBUG_INFO = NO;
				SDKROOT = iphoneos;
				SWIFT_OPTIMIZATION_LEVEL = "-Owholemodule";
				VALIDATE_PRODUCT = YES;
			};
			name = Release;
		};
		ABF6A3BF1F6463E4009ABB70 /* Debug */ = {
			isa = XCBuildConfiguration;
			baseConfigurationReference = BFC243E2E60309C9E5BF54EA /* Pods-UxbertUsabilityLab.debug.xcconfig */;
			buildSettings = {
				ASSETCATALOG_COMPILER_APPICON_NAME = AppIcon;
				DEVELOPMENT_TEAM = LJXU3837V9;
				INFOPLIST_FILE = UxbertUsabilityLab/Info.plist;
				LD_RUNPATH_SEARCH_PATHS = "$(inherited) @executable_path/Frameworks";
				PRODUCT_BUNDLE_IDENTIFIER = com.waseefakhtar.UxbertUsabilityLab;
				PRODUCT_NAME = "$(TARGET_NAME)";
				SWIFT_VERSION = 3.0;
			};
			name = Debug;
		};
		ABF6A3C01F6463E4009ABB70 /* Release */ = {
			isa = XCBuildConfiguration;
			baseConfigurationReference = C0786E1C91C9D0397DC13863 /* Pods-UxbertUsabilityLab.release.xcconfig */;
			buildSettings = {
				ASSETCATALOG_COMPILER_APPICON_NAME = AppIcon;
				DEVELOPMENT_TEAM = LJXU3837V9;
				INFOPLIST_FILE = UxbertUsabilityLab/Info.plist;
				LD_RUNPATH_SEARCH_PATHS = "$(inherited) @executable_path/Frameworks";
				PRODUCT_BUNDLE_IDENTIFIER = com.waseefakhtar.UxbertUsabilityLab;
				PRODUCT_NAME = "$(TARGET_NAME)";
				SWIFT_VERSION = 3.0;
			};
			name = Release;
		};
/* End XCBuildConfiguration section */

/* Begin XCConfigurationList section */
		ABF6A3A71F6463E4009ABB70 /* Build configuration list for PBXProject "UxbertUsabilityLab" */ = {
			isa = XCConfigurationList;
			buildConfigurations = (
				ABF6A3BC1F6463E4009ABB70 /* Debug */,
				ABF6A3BD1F6463E4009ABB70 /* Release */,
			);
			defaultConfigurationIsVisible = 0;
			defaultConfigurationName = Release;
		};
		ABF6A3BE1F6463E4009ABB70 /* Build configuration list for PBXNativeTarget "UxbertUsabilityLab" */ = {
			isa = XCConfigurationList;
			buildConfigurations = (
				ABF6A3BF1F6463E4009ABB70 /* Debug */,
				ABF6A3C01F6463E4009ABB70 /* Release */,
			);
			defaultConfigurationIsVisible = 0;
		};
/* End XCConfigurationList section */
	};
	rootObject = ABF6A3A41F6463E4009ABB70 /* Project object */;
}
